{
  "requires": true,
  "lockfileVersion": 1,
  "dependencies": {
    "@asymmetrik/ngx-leaflet": {
      "version": "2.5.3",
      "resolved": "https://registry.npmjs.org/@asymmetrik/ngx-leaflet/-/ngx-leaflet-2.5.3.tgz",
      "integrity": "sha1-G5iAHkBThHv4U9kA9DVgN6cGQvo="
    },
    "@types/geojson": {
      "version": "7946.0.0",
      "resolved": "https://registry.npmjs.org/@types/geojson/-/geojson-7946.0.0.tgz",
      "integrity": "sha512-lbWmXFxIpEzpH7OprsCRvxj7kie+248Y2ItjeVsF+0+IqvwG+R+0xgZmxq1ofYNTszvuihDahas7O5dscfxTsw==",
      "dev": true
    },
    "@types/leaflet": {
      "version": "1.2.3",
      "resolved": "https://registry.npmjs.org/@types/leaflet/-/leaflet-1.2.3.tgz",
      "integrity": "sha512-ancdZhtqOp64/ZXuvKuadFCUmXDhRDGiBSqM6MhARk4kET9UKAdkWY76hn0VlwvknmynMB8wbDMJSGXYRbQFEg==",
      "dev": true,
      "requires": {
        "@types/geojson": "7946.0.0"
      }
    },
    "leaflet": {
      "version": "1.2.0",
      "resolved": "https://registry.npmjs.org/leaflet/-/leaflet-1.2.0.tgz",
      "integrity": "sha512-Bold8phAE6WcRsuwhofrQ7cOK1REFHaYIkKuj7+TBYK3ONKRpGGIb5oXR5akYotFnrWN0TWKh6Svlhflm3dogg=="
    }
  }
}
